
Microsoft Visual Studio Solution File, Format Version 12.00
# Visual Studio Version 17
VisualStudioVersion = 17.2.32519.379
MinimumVisualStudioVersion = 10.0.40219.1
Project("{FAE04EC0-301F-11D3-BF4B-00C04F79EFBC}") = "ReserveitAPI", "ReserveitAPI\ReserveitAPI.csproj", "{7ED894EB-05CC-417F-B5B6-B485C5E7C331}"
EndProject
Global
	GlobalSection(SolutionConfigurationPlatforms) = preSolution
		Debug|Any CPU = Debug|Any CPU
		Release|Any CPU = Release|Any CPU
	EndGlobalSection
	GlobalSection(ProjectConfigurationPlatforms) = postSolution
		{7ED894EB-05CC-417F-B5B6-B485C5E7C331}.Debug|Any CPU.ActiveCfg = Debug|Any CPU
		{7ED894EB-05CC-417F-B5B6-B485C5E7C331}.Debug|Any CPU.Build.0 = Debug|Any CPU
		{7ED894EB-05CC-417F-B5B6-B485C5E7C331}.Release|Any CPU.ActiveCfg = Release|Any CPU
		{7ED894EB-05CC-417F-B5B6-B485C5E7C331}.Release|Any CPU.Build.0 = Release|Any CPU
	EndGlobalSection
	GlobalSection(SolutionProperties) = preSolution
		HideSolutionNode = FALSE
	EndGlobalSection
	GlobalSection(ExtensibilityGlobals) = postSolution
		SolutionGuid = {91B5B2E1-7FB3-4237-8C55-10A794C04025}
	EndGlobalSection
EndGlobal
